github.com/Masterminds/semver/v3 v3.4.0 h1:Zog+i5UMtVoCU8oKka5P7i9q9HgrJeGzI9SA1Xbatp0=
github.com/Masterminds/semver/v3 v3.4.0/go.mod h1:4V+yj/TJE1HU9XfppCwVMZq3I84lprf4nC11bSS5beM=
github.com/alexaandru/go-sitter-forest/bash v1.9.6 h1:08bixRLEPEeo5dUMUa5AkGRso5RA9T/gYJ1iqxx4lvk=
github.com/alexaandru/go-sitter-forest/bash v1.9.6/go.mod h1:n7akT/YMJSe0m+kKMZRzi+lQlXDjKU0vvYrrvejJ0no=
github.com/alexaandru/go-sitter-forest/c v1.9.4 h1:E7Qb0zN/DSQhsIaJvfKHIhk6QLxu+4DNi8OgoMpvyMM=
github.com/alexaandru/go-sitter-forest/c v1.9.4/go.mod h1:ycxxUak8lW4au1HrvwY93ztpiJyCjm0lUb0OYhXcvmk=
github.com/alexaandru/go-sitter-forest/c_sharp v1.9.6 h1:qGVeM/rs6ITL+WVZh0DVn6sHtDwuZpQIQwgmnVUbb9o=
github.com/alexaandru/go-sitter-forest/c_sharp v1.9.6/go.mod h1:Z7u9b/RpBzNY7Q17Rs0ASuRkDjXUn9eGOv0Hwsn8maw=
github.com/alexaandru/go-sitter-forest/cmake v1.9.5 h1:j7gEdWdso5eho1MniDlnVJbEDKW5uT7kppMw+7LXrkQ=
github.com/alexaandru/go-sitter-forest/cmake v1.9.5/go.mod h1:pCkW4vC19G7TsX0pUXR/SahcSwgL3VvbyUY6OuV7qDc=
github.com/alexaandru/go-sitter-forest/cpp v1.9.5 h1:GudtwF4yPlT5NANI8+rU7xS3ilm03wVWghmuaorMzEw=
github.com/alexaandru/go-sitter-forest/cpp v1.9.5/go.mod h1:OVmJ399hre2mWHm+n0iOOZVcw9MHG2RuldxIvQKlbQ0=
github.com/alexaandru/go-sitter-forest/css v1.9.4 h1:MBdaNeWhmIBqrxetO0HBiyit9Sfxw4WBukUPqHGA/Ho=
github.com/alexaandru/go-sitter-forest/css v1.9.4/go.mod h1:5lnhmNpkGjiHgp6LfEyUtcS11G4MDwgvaV0naJeJEY8=
github.com/alexaandru/go-sitter-forest/cue v1.9.1 h1:Dtrh/66ckdmE+0yXdUpq5Xzc189x5flNjFi83izjWOg=
github.com/alexaandru/go-sitter-forest/cue v1.9.1/go.mod h1:LAAU8XksDpU4K34PJ5nq2hJkvvfqFRA8vvF933Ud08M=
github.com/alexaandru/go-sitter-forest/dockerfile v1.9.1 h1:J874Qr7NNIjYe0lk1Ia6XcNskv6hgzd0JKBhik6E94c=
github.com/alexaandru/go-sitter-forest/dockerfile v1.9.1/go.mod h1:LSPviwKzlksGPTMe2C5Kaz+hHIYX9x/frFYJWJTjSQg=
github.com/alexaandru/go-sitter-forest/elixir v1.9.5 h1:VMJ20lWgzn1vtILWOfyVXyiT9cxoovykcSrK/skX7aM=
github.com/alexaandru/go-sitter-forest/elixir v1.9.5/go.mod h1:yJjH5M1RZ3UcsrZ2CPLluSdVcCT3xA7sD/RxVej1YvE=
github.com/alexaandru/go-sitter-forest/elm v1.9.1 h1:2JNTMY4VwoudSqhGDVGSjnZgwPGMmzrHYTvD4W1FA48=
github.com/alexaandru/go-sitter-forest/elm v1.9.1/go.mod h1:nqEGl7ZrlC6McSs5p6N/1IPEKhetnIoZtiYgvs4DRN4=
github.com/alexaandru/go-sitter-forest/go v1.9.4 h1:Xpq8HijvTp2+AHL4UplLLiCOdIAA20u0JyM8NGBIBWs=
github.com/alexaandru/go-sitter-forest/go v1.9.4/go.mod h1:jCpJr1AOFPGq1DrAJevuurB04NJVk8jw3hYW3Mxc7G8=
github.com/alexaandru/go-sitter-forest/graphql v1.9.0 h1:zOJL0rx2TueJPCVqHd8lOAGi+/BglDpL/GlxlO+vV7k=
github.com/alexaandru/go-sitter-forest/graphql v1.9.0/go.mod h1:yPu0xV9ZWSNudRLoZQfXI3yLV6UFSjXUSDLtdISyIdQ=
github.com/alexaandru/go-sitter-forest/groovy v1.9.4 h1:6QJP/QrtivUtwo73ZJQTjCruzYW+cVww0ryEsXBuENM=
github.com/alexaandru/go-sitter-forest/groovy v1.9.4/go.mod h1:6iFTwag6Wd4QJLJzZnvos8cowjZ9SwgIh3H/HWiLL6E=
github.com/alexaandru/go-sitter-forest/hcl v1.9.3 h1:itfD3a+p/0YAGtJ47TqNdTPaCZxHFdcK0TZm0thq+tM=
github.com/alexaandru/go-sitter-forest/hcl v1.9.3/go.mod h1:EnB50IZP4KBR0V/Z0q9WUn/DmpIagAepBSoaLQfz6T8=
github.com/alexaandru/go-sitter-forest/java v1.9.5 h1:ibPa56LZBAwQ9McU2CVEAwkaB3ManNfaGUDFcSOq6qs=
github.com/alexaandru/go-sitter-forest/java v1.9.5/go.mod h1:aWD8ZAZ6IbhsCnF7Jog1GWtx3ow//PiWkkAvVfnB8/I=
github.com/alexaandru/go-sitter-forest/javascript v1.9.2 h1:b8ZWUk/1bXLmGXN/tL26PQf0EQ6vSM7J6pnNjN8by2Q=
github.com/alexaandru/go-sitter-forest/javascript v1.9.2/go.mod h1:cWOFBHR7EffqM4sdVQ70WtTnFKPZxt5sAm1zS1tWaL8=
github.com/alexaandru/go-sitter-forest/kotlin v1.9.4 h1:H2cRqquwV3rbNsUGUvyRZKWwC4TMLEDjXs0jzbIZASE=
github.com/alexaandru/go-sitter-forest/kotlin v1.9.4/go.mod h1:QCAC6OJsnUIRMx1akoZNzKRe+slaQq4sGSLAVwMFTuQ=
github.com/alexaandru/go-sitter-forest/lua v1.9.3 h1:A3Tas9sLRVc1kgD4Q477xhW+BfZzm2bnX4xO4bTSUNY=
github.com/alexaandru/go-sitter-forest/lua v1.9.3/go.mod h1:7MFGPolXojnCrVMHI9TIpB1OCLY8n18Cb4XyKr+hmfE=
github.com/alexaandru/go-sitter-forest/make v1.9.1 h1:RthLvGEwRi7bufPhFqlg1azcVu0hd1OWRWdcAI56LtE=
github.com/alexaandru/go-sitter-forest/make v1.9.1/go.mod h1:2zuovDw+jvgWnWU/WMRDxtjHOo4ttuNJX+tIq3egxoM=
github.com/alexaandru/go-sitter-forest/nix v1.9.4 h1:1eUmXiGM01OpfVDMxSu5aN50q3zCb0ArycoSDcx1BXg=
github.com/alexaandru/go-sitter-forest/nix v1.9.4/go.mod h1:nbtvKRD56GICG+j92DNSOEXwIp8gD4dh/3kXz3kd+5o=
github.com/alexaandru/go-sitter-forest/ocaml v1.9.6 h1:mN7v3irDwWO/KrFw6RCX9WBKCZzeCQvRNRc8fyu12wM=
github.com/alexaandru/go-sitter-forest/ocaml v1.9.6/go.mod h1:xPI6i1J71VDFB1mIll4Imge2G45UjDnkGiOzWc+xvX4=
github.com/alexaandru/go-sitter-forest/php v1.9.5 h1:t8FV0CrjobKKk941AJ5EZrLOeY6am25x/NR6iZx8emk=
github.com/alexaandru/go-sitter-forest/php v1.9.5/go.mod h1:LY33+NVll5+uKJ9YQiAFy/QcX02EHWlDlL/PPqAAjzg=
github.com/alexaandru/go-sitter-forest/python v1.9.10 h1:qKbso5wI4vlkQ0EjZBO5hRrxwqf0tmGLVdbzasZCcrg=
github.com/alexaandru/go-sitter-forest/python v1.9.10/go.mod h1:CXs3nuPcj4p3FqY8BnvJqsJ0vbsrda6Oj3sQDyRumNY=
github.com/alexaandru/go-sitter-forest/ruby v1.9.3 h1:3GdkatWtd0jXvhnxdqJCdM+9JwAQeTwtWStiDAjAgr0=
github.com/alexaandru/go-sitter-forest/ruby v1.9.3/go.mod h1:h+TaY3e2ayXHy1jgwLZ+Jnho97roJzmaefSZjFvUM9k=
github.com/alexaandru/go-sitter-forest/rust v1.9.13 h1:orVZVXQ+IkXkIvzeyO6YvHBwujEvbYFvpMRNAGulHmw=
github.com/alexaandru/go-sitter-forest/rust v1.9.13/go.mod h1:ZKZRL1Yfy6siuWMvv2h/F9lt/8kMKn6VHnGj00PPNmM=
github.com/alexaandru/go-sitter-forest/scala v1.9.8 h1:w3HtQ4aij4PnRTBsIHITHtym8WiPGBGNL5KIJ6qIofw=
github.com/alexaandru/go-sitter-forest/scala v1.9.8/go.mod h1:+CuFWqcheV8rHtOWWDADtP7az6uSZKQ6zE0DLhg+LeY=
github.com/alexaandru/go-sitter-forest/solidity v1.9.3 h1:fCFT0kdUD3lBftoMc5DcSQ3izC9sopQMBNZ8XIx0JtU=
github.com/alexaandru/go-sitter-forest/solidity v1.9.3/go.mod h1:xgtvbHqDS1hOYGes7viEAfi2pphvkimG6xgPFekTz0g=
github.com/alexaandru/go-sitter-forest/sql v1.9.13 h1:uRH9eo+EztMohyVX5E+t06q/EoLsMWBVX/Qr2Nb823w=
github.com/alexaandru/go-sitter-forest/sql v1.9.13/go.mod h1:9RRdyTJk7bEGQsBhhqm/ElCh/DyqLgcglMXf/NOMbpM=
github.com/alexaandru/go-sitter-forest/starlark v1.9.2 h1:MDKmymxCmv/DpCoWkyYhSIZGvmB39yFEhmG14FNJcvk=
github.com/alexaandru/go-sitter-forest/starlark v1.9.2/go.mod h1:IuG2s9Ol6KGOMPDeB9o2NCmQXdigM7ubyfteh2ohwkg=
github.com/alexaandru/go-sitter-forest/swift v1.9.5 h1:CCfvj4BRjvN7HtznqDbgU7ylHHO9ML34ezsJFbErjV0=
github.com/alexaandru/go-sitter-forest/swift v1.9.5/go.mod h1:EzSPcZpETNyJIoAyPdbQgFUxWM+vcO3y5eYh8kmNvNc=
github.com/alexaandru/go-sitter-forest/tsx v1.9.2 h1:R6CIvxcs6zGF/nwI7YbHzRM1HuRjL1g7nKYfDMR7ANE=
github.com/alexaandru/go-sitter-forest/tsx v1.9.2/go.mod h1:JIGhuMRPOeeUQbqrNiDh3YZV9iMtWTHUmTgSH8WMTIk=
github.com/alexaandru/go-sitter-forest/typescript v1.9.4 h1:k+zE1JbmcDjgqPxO0fVnCnsCFj0yWmRaLpp2sbC4MoA=
github.com/alexaandru/go-sitter-forest/typescript v1.9.4/go.mod h1:fzlkFeml5odd1gUkYOgiNXK4bF2M6hBcfTitiJPlso8=
github.com/alexaandru/go-tree-sitter-bare v1.11.0 h1:hRg0R09Kukx2il7ZEec570L/zG4SlM9VwEYR7kkh2nY=
github.com/alexaandru/go-tree-sitter-bare v1.11.0/go.mod h1:D0p+tpA7QXGADKpNHG9qTc1EXTg/tS/DO4cQdd0cSUg=
github.com/davecgh/go-spew v1.1.1 h1:vj9j/u1bqnvCEfJOwUhtlOARqs3+rkHYY13jYWTU97c=
github.com/davecgh/go-spew v1.1.1/go.mod h1:J7Y8YcW2NihsgmVo/mv3lAwl/skON4iLHjSsI+c5H38=
github.com/dustin/go-humanize v1.0.1 h1:GzkhY7T5VNhEkwH0PVJgjz+fX1rhBrR7pRT3mDkpeCY=
github.com/dustin/go-humanize v1.0.1/go.mod h1:Mu1zIs6XwVuF/gI1OepvI0qD18qycQx+mFykh5fBlto=
github.com/emicklei/proto v1.14.3 h1:zEhlzNkpP8kN6utonKMzlPfIvy82t5Kb9mufaJxSe1Q=
github.com/emicklei/proto v1.14.3/go.mod h1:rn1FgRS/FANiZdD2djyH7TMA9jdRDcYQ9IEN9yvjX0A=
github.com/frankban/quicktest v1.14.6 h1:7Xjx+VpznH+oBnejlPUj8oUpdxnVs4f8XU8WnHkI4W8=
github.com/frankban/quicktest v1.14.6/go.mod h1:4ptaffx2x8+WTWXmUCuVU6aPUX1/Mz7zb5vbUoiM6w0=
github.com/fsnotify/fsnotify v1.7.0 h1:8JEhPFa5W2WU7YfeZzPNqzMP6Lwt7L2715Ggo0nosvA=
github.com/fsnotify/fsnotify v1.7.0/go.mod h1:40Bi/Hjc2AVfZrqy+aj+yEI+/bRxZnMJyTJwOpGvigM=
github.com/go-logr/logr v1.4.3 h1:CjnDlHq8ikf6E492q6eKboGOC0T8CDaOvkHCIg8idEI=
github.com/go-logr/logr v1.4.3/go.mod h1:9T104GzyrTigFIr8wt5mBrctHMim0Nb2HLGrmQ40KvY=
github.com/go-task/slim-sprig/v3 v3.0.0 h1:sUs3vkvUymDpBKi3qH1YSqBQk9+9D/8M2mN1vB6EwHI=
github.com/go-task/slim-sprig/v3 v3.0.0/go.mod h1:W848ghGpv3Qj3dhTPRyJypKRiqCdHZiAzKg9hl15HA8=
github.com/godeps/gollama v0.1.8 h1:KH4BPltz9KqrV3yi/GhqLZBccT8xd1SnNqIWrntFGgY=
github.com/godeps/gollama v0.1.8/go.mod h1:iKSd8uZkLKojAAi7/rtz6l4MRMfEpJTPCO8eCRx1b/g=
github.com/google/go-cmp v0.7.0 h1:wk8382ETsv4JYUZwIsn6YpYiWiBsYLSJiTsyBybVuN8=
github.com/google/go-cmp v0.7.0/go.mod h1:pXiqmnSA92OHEEa9HXL2W4E7lf9JzCmGVUdgjX3N/iU=
github.com/google/pprof v0.0.0-20250923004556-9e5a51aed1e8 h1:ZI8gCoCjGzPsum4L21jHdQs8shFBIQih1TM9Rd/c+EQ=
github.com/google/pprof v0.0.0-20250923004556-9e5a51aed1e8/go.mod h1:I6V7YzU0XDpsHqbsyrghnFZLO1gwK6NPTNvmetQIk9U=
github.com/google/uuid v1.6.0 h1:NIvaJDMOsjHA8n1jAhLSgzrAzy1Hgr+hNrb57e+94F0=
github.com/google/uuid v1.6.0/go.mod h1:TIyPZe4MgqvfeYDBFedMoGGpEw/LqOeaOT+nhxU+yHo=
github.com/hashicorp/golang-lru/v2 v2.0.7 h1:a+bsQ5rvGLjzHuww6tVxozPZFVghXaHOwFs4luLUK2k=
github.com/hashicorp/golang-lru/v2 v2.0.7/go.mod h1:QeFd9opnmA6QUJc5vARoKUSoFhyfM2/ZepoAG6RGpeM=
github.com/klauspost/compress v1.18.4 h1:RPhnKRAQ4Fh8zU2FY/6ZFDwTVTxgJ/EMydqSTzE9a2c=
github.com/klauspost/compress v1.18.4/go.mod h1:R0h/fSBs8DE4ENlcrlib3PsXS61voFxhIs2DeRhCvJ4=
github.com/kr/pretty v0.3.1 h1:flRD4NNwYAUpkphVc1HcthR4KEIFJ65n8Mw5qdRn3LE=
github.com/kr/pretty v0.3.1/go.mod h1:hoEshYVHaxMs3cyo3Yncou5ZscifuDolrwPKZanG3xk=
github.com/kr/text v0.2.0 h1:5Nx0Ya0ZqY2ygV366QzturHI13Jq95ApcVaJBhpS+AY=
github.com/kr/text v0.2.0/go.mod h1:eLer722TekiGuMkidMxC/pM04lWEeraHUUmBw8l2grE=
github.com/mark3labs/mcp-go v0.32.0 h1:fgwmbfL2gbd67obg57OfV2Dnrhs1HtSdlY/i5fn7MU8=
github.com/mark3labs/mcp-go v0.32.0/go.mod h1:rXqOudj/djTORU/ThxYx8fqEVj/5pvTuuebQ2RC7uk4=
github.com/mattn/go-isatty v0.0.20 h1:xfD0iDuEKnDkl03q4limB+vH+GxLEtL/jb4xVJSWWEY=
github.com/mattn/go-isatty v0.0.20/go.mod h1:W+V8PltTTMOvKvAeJH7IuucS94S2C6jfK/D7dTCTo3Y=
github.com/ncruces/go-strftime v0.1.9 h1:bY0MQC28UADQmHmaF5dgpLmImcShSi2kHU9XLdhx/f4=
github.com/ncruces/go-strftime v0.1.9/go.mod h1:Fwc5htZGVVkseilnfgOVb9mKy6w1naJmn9CehxcKcls=
github.com/onsi/ginkgo/v2 v2.25.3 h1:Ty8+Yi/ayDAGtk4XxmmfUy4GabvM+MegeB4cDLRi6nw=
github.com/onsi/ginkgo/v2 v2.25.3/go.mod h1:43uiyQC4Ed2tkOzLsEYm7hnrb7UJTWHYNsuy3bG/snE=
github.com/onsi/gomega v1.38.2 h1:eZCjf2xjZAqe+LeWvKb5weQ+NcPwX84kqJ0cZNxok2A=
github.com/onsi/gomega v1.38.2/go.mod h1:W2MJcYxRGV63b418Ai34Ud0hEdTVXq9NW9+Sx6uXf3k=
github.com/pmezard/go-difflib v1.0.0 h1:4DBwDE0NGyQoBHbLQYPwSUPoCMWR5BEzIk/f1lZbAQM=
github.com/pmezard/go-difflib v1.0.0/go.mod h1:iKH77koFhYxTK1pcRnkKkqfTogsbg7gZNVY4sRDYZ/4=
github.com/remyoudompheng/bigfft v0.0.0-20230129092748-24d4a6f8daec h1:W09IVJc94icq4NjY3clb7Lk8O1qJ8BdBEF8z0ibU0rE=
github.com/remyoudompheng/bigfft v0.0.0-20230129092748-24d4a6f8daec/go.mod h1:qqbHyh8v60DhA7CoWK5oRCqLrMHRGoxYCSS9EjAz6Eo=
github.com/rogpeppe/go-internal v1.9.0 h1:73kH8U+JUqXU8lRuOHeVHaa/SZPifC7BkcraZVejAe8=
github.com/rogpeppe/go-internal v1.9.0/go.mod h1:WtVeX8xhTBvf0smdhujwtBcq4Qrzq/fJaraNFVN+nFs=
github.com/spf13/cast v1.7.1 h1:cuNEagBQEHWN1FnbGEjCXL2szYEXqfJPbP2HNUaca9Y=
github.com/spf13/cast v1.7.1/go.mod h1:ancEpBxwJDODSW/UG4rDrAqiKolqNNh2DX3mk86cAdo=
github.com/stretchr/testify v1.9.0 h1:HtqpIVDClZ4nwg75+f6Lvsy/wHu+3BoSGCbBAcpTsTg=
github.com/stretchr/testify v1.9.0/go.mod h1:r2ic/lqez/lEtzL7wO/rwa5dbSLXVDPFyf8C91i36aY=
github.com/yosida95/uritemplate/v3 v3.0.2 h1:Ed3Oyj9yrmi9087+NczuL5BwkIc4wvTb5zIM+UJPGz4=
github.com/yosida95/uritemplate/v3 v3.0.2/go.mod h1:ILOh0sOhIJR3+L/8afwt/kE++YT040gmv5BQTMR2HP4=
go.uber.org/automaxprocs v1.6.0 h1:O3y2/QNTOdbF+e/dpXNNW7Rx2hZ4sTIPyybbxyNqTUs=
go.uber.org/automaxprocs v1.6.0/go.mod h1:ifeIMSnPZuznNm6jmdzmU3/bfk01Fe2fotchwEFJ8r8=
go.yaml.in/yaml/v3 v3.0.4 h1:tfq32ie2Jv2UxXFdLJdh3jXuOzWiL1fo0bu/FbuKpbc=
go.yaml.in/yaml/v3 v3.0.4/go.mod h1:DhzuOOF2ATzADvBadXxruRBLzYTpT36CKvDb3+aBEFg=
golang.org/x/mod v0.33.0 h1:tHFzIWbBifEmbwtGz65eaWyGiGZatSrT9prnU8DbVL8=
golang.org/x/mod v0.33.0/go.mod h1:swjeQEj+6r7fODbD2cqrnje9PnziFuw4bmLbBZFrQ5w=
golang.org/x/net v0.50.0 h1:ucWh9eiCGyDR3vtzso0WMQinm2Dnt8cFMuQa9K33J60=
golang.org/x/net v0.50.0/go.mod h1:UgoSli3F/pBgdJBHCTc+tp3gmrU4XswgGRgtnwWTfyM=
golang.org/x/sync v0.19.0 h1:vV+1eWNmZ5geRlYjzm2adRgW2/mcpevXNg50YZtPCE4=
golang.org/x/sync v0.19.0/go.mod h1:9KTHXmSnoGruLpwFjVSX0lNNA75CykiMECbovNTZqGI=
golang.org/x/sys v0.6.0/go.mod h1:oPkhp1MJrh7nUepCBck5+mAzfO9JrbApNNgaTdGDITg=
golang.org/x/sys v0.41.0 h1:Ivj+2Cp/ylzLiEU89QhWblYnOE9zerudt9Ftecq2C6k=
golang.org/x/sys v0.41.0/go.mod h1:OgkHotnGiDImocRcuBABYBEXf8A9a87e/uXjp9XT3ks=
golang.org/x/text v0.29.0 h1:1neNs90w9YzJ9BocxfsQNHKuAT4pkghyXc4nhZ6sJvk=
golang.org/x/text v0.29.0/go.mod h1:7MhJOA9CD2qZyOKYazxdYMF85OwPdEr9jTtBpO7ydH4=
golang.org/x/tools v0.42.0 h1:uNgphsn75Tdz5Ji2q36v/nsFSfR/9BRFvqhGBaJGd5k=
golang.org/x/tools v0.42.0/go.mod h1:Ma6lCIwGZvHK6XtgbswSoWroEkhugApmsXyrUmBhfr0=
gopkg.in/check.v1 v0.0.0-20161208181325-20d25e280405 h1:yhCVgyC4o1eVCa2tZl7eS0r+SDo693bJlVdllGtEeKM=
gopkg.in/check.v1 v0.0.0-20161208181325-20d25e280405/go.mod h1:Co6ibVJAznAaIkqp8huTwlJQCZ016jof/cbN4VW5Yz0=
gopkg.in/yaml.v3 v3.0.1 h1:fxVm/GzAzEWqLHuvctI91KS9hhNmmWOoWu0XTYJS7CA=
gopkg.in/yaml.v3 v3.0.1/go.mod h1:K4uyk7z7BCEPqu6E+C64Yfv1cQ7kz7rIZviUmN+EgEM=
modernc.org/cc/v4 v4.21.4 h1:3Be/Rdo1fpr8GrQ7IVw9OHtplU4gWbb+wNgeoBMmGLQ=
modernc.org/cc/v4 v4.21.4/go.mod h1:HM7VJTZbUCR3rV8EYBi9wxnJ0ZBRiGE5OeGXNA0IsLQ=
modernc.org/ccgo/v4 v4.19.2 h1:lwQZgvboKD0jBwdaeVCTouxhxAyN6iawF3STraAal8Y=
modernc.org/ccgo/v4 v4.19.2/go.mod h1:ysS3mxiMV38XGRTTcgo0DQTeTmAO4oCmJl1nX9VFI3s=
modernc.org/fileutil v1.3.0 h1:gQ5SIzK3H9kdfai/5x41oQiKValumqNTDXMvKo62HvE=
modernc.org/fileutil v1.3.0/go.mod h1:XatxS8fZi3pS8/hKG2GH/ArUogfxjpEKs3Ku3aK4JyQ=
modernc.org/gc/v2 v2.4.1 h1:9cNzOqPyMJBvrUipmynX0ZohMhcxPtMccYgGOJdOiBw=
modernc.org/gc/v2 v2.4.1/go.mod h1:wzN5dK1AzVGoH6XOzc3YZ+ey/jPgYHLuVckd62P0GYU=
modernc.org/gc/v3 v3.0.0-20240107210532-573471604cb6 h1:5D53IMaUuA5InSeMu9eJtlQXS2NxAhyWQvkKEgXZhHI=
modernc.org/gc/v3 v3.0.0-20240107210532-573471604cb6/go.mod h1:Qz0X07sNOR1jWYCrJMEnbW/X55x206Q7Vt4mz6/wHp4=
modernc.org/libc v1.55.3 h1:AzcW1mhlPNrRtjS5sS+eW2ISCgSOLLNyFzRh/V3Qj/U=
modernc.org/libc v1.55.3/go.mod h1:qFXepLhz+JjFThQ4kzwzOjA/y/artDeg+pcYnY+Q83w=
modernc.org/mathutil v1.6.0 h1:fRe9+AmYlaej+64JsEEhoWuAYBkOtQiMEU7n/XgfYi4=
modernc.org/mathutil v1.6.0/go.mod h1:Ui5Q9q1TR2gFm0AQRqQUaBWFLAhQpCwNcuhBOSedWPo=
modernc.org/memory v1.8.0 h1:IqGTL6eFMaDZZhEWwcREgeMXYwmW83LYW8cROZYkg+E=
modernc.org/memory v1.8.0/go.mod h1:XPZ936zp5OMKGWPqbD3JShgd/ZoQ7899TUuQqxY+peU=
modernc.org/opt v0.1.3 h1:3XOZf2yznlhC+ibLltsDGzABUGVx8J6pnFMS3E4dcq4=
modernc.org/opt v0.1.3/go.mod h1:WdSiB5evDcignE70guQKxYUl14mgWtbClRi5wmkkTX0=
modernc.org/sortutil v1.2.0 h1:jQiD3PfS2REGJNzNCMMaLSp/wdMNieTbKX920Cqdgqc=
modernc.org/sortutil v1.2.0/go.mod h1:TKU2s7kJMf1AE84OoiGppNHJwvB753OYfNl2WRb++Ss=
modernc.org/sqlite v1.34.1 h1:u3Yi6M0N8t9yKRDwhXcyp1eS5/ErhPTBggxWFuR6Hfk=
modernc.org/sqlite v1.34.1/go.mod h1:pXV2xHxhzXZsgT/RtTFAPY6JJDEvOTcTdwADQCCWD4k=
modernc.org/strutil v1.2.0 h1:agBi9dp1I+eOnxXeiZawM8F4LawKv4NzGWSaLfyeNZA=
modernc.org/strutil v1.2.0/go.mod h1:/mdcBmfOibveCTBxUl5B5l6W+TTH1FXPLHZE6bTosX0=
modernc.org/token v1.1.0 h1:Xl7Ap9dKaEs5kLoOQeQmPWevfnk/DM5qcLcYlA8ys6Y=
modernc.org/token v1.1.0/go.mod h1:UGzOrNV1mAFSEB63lOFHIpNRUVMvYTc6yu1SMY/XTDM=
